{
  "name": "nairi-ijs-conf-munich-2023",
  "version": "1.0.0",
  "lockfileVersion": 2,
  "requires": true,
  "packages": {
    "": {
      "name": "nairi-ijs-conf-munich-2023",
      "version": "1.0.0",
      "license": "ISC",
      "dependencies": {
        "funthreads": "^2.0.3",
        "worker_map": "^0.0.8"
      }
    },
    "node_modules/funthreads": {
      "version": "2.0.3",
      "resolved": "https://registry.npmjs.org/funthreads/-/funthreads-2.0.3.tgz",
      "integrity": "sha512-ZGF33mOwEdibg8ig2am4C2Z7di7bVDKafDV4k6CHEbF8g/XxqUtnPgTkMaNMPud3djo83To6Vi7kVWJ/wVdttA==",
      "engines": {
        "node": ">=10.5"
      }
    },
    "node_modules/worker_map": {
      "version": "0.0.8",
      "resolved": "https://registry.npmjs.org/worker_map/-/worker_map-0.0.8.tgz",
      "integrity": "sha512-/u1RLB54KxFkNPBOMmmAQQbYj5n0vgVo9hIx2WXA6gEZWSY43UcRlj4Ca1ADAXtJfUp+UPHQTzJBqa+q4bjZoQ=="
    }
  },
  "dependencies": {
    "funthreads": {
      "version": "2.0.3",
      "resolved": "https://registry.npmjs.org/funthreads/-/funthreads-2.0.3.tgz",
      "integrity": "sha512-ZGF33mOwEdibg8ig2am4C2Z7di7bVDKafDV4k6CHEbF8g/XxqUtnPgTkMaNMPud3djo83To6Vi7kVWJ/wVdttA=="
    },
    "worker_map": {
      "version": "0.0.8",
      "resolved": "https://registry.npmjs.org/worker_map/-/worker_map-0.0.8.tgz",
      "integrity": "sha512-/u1RLB54KxFkNPBOMmmAQQbYj5n0vgVo9hIx2WXA6gEZWSY43UcRlj4Ca1ADAXtJfUp+UPHQTzJBqa+q4bjZoQ=="
    }
  }
}
