{
  "name": "ijs-conf-munich-2023",
  "version": "1.0.0",
  "lockfileVersion": 2,
  "requires": true,
  "packages": {
    "": {
      "name": "ijs-conf-munich-2023",
      "version": "1.0.0",
      "license": "ISC",
      "dependencies": {
        "funthreads": "^2.0.4",
        "worker_map": "^0.0.8"
      }
    },
    "node_modules/funthreads": {
      "version": "2.0.4",
      "resolved": "https://registry.npmjs.org/funthreads/-/funthreads-2.0.4.tgz",
      "integrity": "sha512-xN0aWQ703ppiobouEJh+j0H8wQluL/dF0/v5Mh+eHeRbaNCblEcPi72igZmpQhCNvyiP3e6DqvrjCcXdZ7MmXw==",
      "engines": {
        "node": ">=10.5"
      }
    },
    "node_modules/worker_map": {
      "version": "0.0.8",
      "resolved": "https://registry.npmjs.org/worker_map/-/worker_map-0.0.8.tgz",
      "integrity": "sha512-/u1RLB54KxFkNPBOMmmAQQbYj5n0vgVo9hIx2WXA6gEZWSY43UcRlj4Ca1ADAXtJfUp+UPHQTzJBqa+q4bjZoQ=="
    }
  },
  "dependencies": {
    "funthreads": {
      "version": "2.0.4",
      "resolved": "https://registry.npmjs.org/funthreads/-/funthreads-2.0.4.tgz",
      "integrity": "sha512-xN0aWQ703ppiobouEJh+j0H8wQluL/dF0/v5Mh+eHeRbaNCblEcPi72igZmpQhCNvyiP3e6DqvrjCcXdZ7MmXw=="
    },
    "worker_map": {
      "version": "0.0.8",
      "resolved": "https://registry.npmjs.org/worker_map/-/worker_map-0.0.8.tgz",
      "integrity": "sha512-/u1RLB54KxFkNPBOMmmAQQbYj5n0vgVo9hIx2WXA6gEZWSY43UcRlj4Ca1ADAXtJfUp+UPHQTzJBqa+q4bjZoQ=="
    }
  }
}
